{
  "nodes": {
    "den": {
      "locked": {
        "lastModified": 1773599173,
        "narHash": "sha256-HSP6j32ANXZDPmTLyLsNJGtqqs4l9g5jzi/bMzcs3Qg=",
        "owner": "vic",
        "repo": "den",
        "rev": "bda0cef4103c39cc9e21c1dc190a72363b5a4599",
        "type": "github"
      },
      "original": {
        "owner": "vic",
        "repo": "den",
        "type": "github"
      }
    },
    "flake-aspects": {
      "locked": {
        "lastModified": 1773552804,
        "narHash": "sha256-a0kjpCZGnD5lt7yW6C3hzPhSf5KjnTyvX6XZ2NuhGs4=",
        "owner": "vic",
        "repo": "flake-aspects",
        "rev": "56fa8d4d4772d58eb7f9d66c28c1cd2762b60423",
        "type": "github"
      },
      "original": {
        "owner": "vic",
        "repo": "flake-aspects",
        "type": "github"
      }
    },
    "home-manager": {
      "inputs": {
        "nixpkgs": [
          "nixpkgs"
        ]
      },
      "locked": {
        "lastModified": 1772633058,
        "narHash": "sha256-SO7JapRy2HPhgmqiLbfnW1kMx5rakPMKZ9z3wtRLQjI=",
        "owner": "nix-community",
        "repo": "home-manager",
        "rev": "080657a04188aca25f8a6c70a0fb2ea7e37f1865",
        "type": "github"
      },
      "original": {
        "owner": "nix-community",
        "ref": "release-25.11",
        "repo": "home-manager",
        "type": "github"
      }
    },
    "import-tree": {
      "locked": {
        "lastModified": 1772344373,
        "narHash": "sha256-OQQ1MhB9t1J71b2wxRRTdH/Qd8UGG0p+dGspfCf5U1c=",
        "owner": "vic",
        "repo": "import-tree",
        "rev": "10fda59eee7d7970ec443b925f32a1bc7526648c",
        "type": "github"
      },
      "original": {
        "owner": "vic",
        "repo": "import-tree",
        "type": "github"
      }
    },
    "nixpkgs": {
      "locked": {
        "lastModified": 1774388614,
        "narHash": "sha256-tFwzTI0DdDzovdE9+Ras6CUss0yn8P9XV4Ja6RjA+nU=",
        "owner": "NixOS",
        "repo": "nixpkgs",
        "rev": "1073dad219cb244572b74da2b20c7fe39cb3fa9e",
        "type": "github"
      },
      "original": {
        "owner": "NixOS",
        "ref": "nixos-25.11",
        "repo": "nixpkgs",
        "type": "github"
      }
    },
    "nixpkgs-unstable": {
      "locked": {
        "lastModified": 1772624091,
        "narHash": "sha256-QKyJ0QGWBn6r0invrMAK8dmJoBYWoOWy7lN+UHzW1jc=",
        "owner": "nixos",
        "repo": "nixpkgs",
        "rev": "80bdc1e5ce51f56b19791b52b2901187931f5353",
        "type": "github"
      },
      "original": {
        "owner": "nixos",
        "ref": "nixos-unstable",
        "repo": "nixpkgs",
        "type": "github"
      }
    },
    "root": {
      "inputs": {
        "den": "den",
        "flake-aspects": "flake-aspects",
        "home-manager": "home-manager",
        "import-tree": "import-tree",
        "nixpkgs": "nixpkgs",
        "nixpkgs-unstable": "nixpkgs-unstable",
        "sops-nix": "sops-nix"
      }
    },
    "sops-nix": {
      "inputs": {
        "nixpkgs": [
          "nixpkgs"
        ]
      },
      "locked": {
        "lastModified": 1772495394,
        "narHash": "sha256-hmIvE/slLKEFKNEJz27IZ8BKlAaZDcjIHmkZ7GCEjfw=",
        "owner": "Mic92",
        "repo": "sops-nix",
        "rev": "1d9b98a29a45abe9c4d3174bd36de9f28755e3ff",
        "type": "github"
      },
      "original": {
        "owner": "Mic92",
        "repo": "sops-nix",
        "type": "github"
      }
    }
  },
  "root": "root",
  "version": 7
}
